Microsoft Visual Studio Solution File, Format Version 12.00
# Visual Studio Version 17
VisualStudioVersion = 17.5.2.0
MinimumVisualStudioVersion = 10.0.40219.1
Project("{FAE04EC0-301F-11D3-BF4B-00C04F79EFBC}") = "InventoryManagementSystem.Api", "InventoryManagementSystem.Api\InventoryManagementSystem.Api.csproj", "{0ACCE956-4720-991F-0C0C-8BE1F10DA60D}"
EndProject
Project("{FAE04EC0-301F-11D3-BF4B-00C04F79EFBC}") = "InventoryManagementSystem.Domain", "InventoryManagementSystem.Domain\InventoryManagementSystem.Domain.csproj", "{3006A879-0BF9-B7C6-F612-285A256810E2}"
EndProject
Project("{FAE04EC0-301F-11D3-BF4B-00C04F79EFBC}") = "InventoryManagementSystem.Infrastructure", "InventoryManagementSystem.Infrastructure\InventoryManagementSystem.Infrastructure.csproj", "{C998AB7E-A077-27E9-B4A6-2ACC14EAA764}"
EndProject
Project("{FAE04EC0-301F-11D3-BF4B-00C04F79EFBC}") = "InventoryManagementSystem.Application", "InventoryManagementSystem.Application\InventoryManagementSystem.Application.csproj", "{18D81A9C-994A-08D8-7553-81C4307A1327}"
EndProject
Global
	GlobalSection(SolutionConfigurationPlatforms) = preSolution
		Debug|Any CPU = Debug|Any CPU
		Release|Any CPU = Release|Any CPU
	EndGlobalSection
	GlobalSection(ProjectConfigurationPlatforms) = postSolution
		{0ACCE956-4720-991F-0C0C-8BE1F10DA60D}.Debug|Any CPU.ActiveCfg = Debug|Any CPU
		{0ACCE956-4720-991F-0C0C-8BE1F10DA60D}.Debug|Any CPU.Build.0 = Debug|Any CPU
		{0ACCE956-4720-991F-0C0C-8BE1F10DA60D}.Release|Any CPU.ActiveCfg = Release|Any CPU
		{0ACCE956-4720-991F-0C0C-8BE1F10DA60D}.Release|Any CPU.Build.0 = Release|Any CPU
		{3006A879-0BF9-B7C6-F612-285A256810E2}.Debug|Any CPU.ActiveCfg = Debug|Any CPU
		{3006A879-0BF9-B7C6-F612-285A256810E2}.Debug|Any CPU.Build.0 = Debug|Any CPU
		{3006A879-0BF9-B7C6-F612-285A256810E2}.Release|Any CPU.ActiveCfg = Release|Any CPU
		{3006A879-0BF9-B7C6-F612-285A256810E2}.Release|Any CPU.Build.0 = Release|Any CPU
		{C998AB7E-A077-27E9-B4A6-2ACC14EAA764}.Debug|Any CPU.ActiveCfg = Debug|Any CPU
		{C998AB7E-A077-27E9-B4A6-2ACC14EAA764}.Debug|Any CPU.Build.0 = Debug|Any CPU
		{C998AB7E-A077-27E9-B4A6-2ACC14EAA764}.Release|Any CPU.ActiveCfg = Release|Any CPU
		{C998AB7E-A077-27E9-B4A6-2ACC14EAA764}.Release|Any CPU.Build.0 = Release|Any CPU
		{18D81A9C-994A-08D8-7553-81C4307A1327}.Debug|Any CPU.ActiveCfg = Debug|Any CPU
		{18D81A9C-994A-08D8-7553-81C4307A1327}.Debug|Any CPU.Build.0 = Debug|Any CPU
		{18D81A9C-994A-08D8-7553-81C4307A1327}.Release|Any CPU.ActiveCfg = Release|Any CPU
		{18D81A9C-994A-08D8-7553-81C4307A1327}.Release|Any CPU.Build.0 = Release|Any CPU
	EndGlobalSection
	GlobalSection(SolutionProperties) = preSolution
		HideSolutionNode = FALSE
	EndGlobalSection
	GlobalSection(ExtensibilityGlobals) = postSolution
		SolutionGuid = {7584479E-2B2E-40D6-BE68-3CD2725262A8}
	EndGlobalSection
EndGlobal
